lockVersion: 2.0.0
id: 81c437b1-ab8d-4cec-8b8f-8f71d1bdb7a2
management:
  docChecksum: 7b0a21df5c4526c3e13357d16d9397df
  docVersion: 1.0.0
  speakeasyVersion: 1.490.0
  generationVersion: 2.512.0
  releaseVersion: 3.9.107
  configChecksum: f5d3079ea86764f401da629809528098
  repoURL: https://github.com/ding-live/ding-python.git
  repoSubDirectory: .
  installationURL: https://github.com/ding-live/ding-python.git
  published: true
features:
  python:
    additionalDependencies: 0.1.0
    core: 4.8.23
    examples: 2.81.4
    flattening: 2.81.1
    globalSecurity: 2.83.8
    globalSecurityCallbacks: 0.1.0
    globalSecurityFlattening: 0.1.0
    globalServerURLs: 2.82.2
    responseFormat: 0.1.0
    sdkHooks: 0.1.0
    unions: 2.82.10
generatedFiles:
  - .gitattributes
  - USAGE.md
  - docs/models/components/attempt.md
  - docs/models/components/authenticationstatusresponse.md
  - docs/models/components/authenticationstatusresponsedevicetype.md
  - docs/models/components/authenticationstatusresponseschemaseventstype.md
  - docs/models/components/authenticationstatusresponseschemasstatus.md
  - docs/models/components/authenticationstatusresponseschemastype.md
  - docs/models/components/authenticationstatusresponsestatus.md
  - docs/models/components/authenticationstatusresponsetype.md
  - docs/models/components/balanceupdate.md
  - docs/models/components/balanceupdatetype.md
  - docs/models/components/capability.md
  - docs/models/components/check.md
  - docs/models/components/checkstatus.md
  - docs/models/components/createauthenticationrequest.md
  - docs/models/components/createauthenticationresponse.md
  - docs/models/components/createcheckrequest.md
  - docs/models/components/createcheckresponse.md
  - docs/models/components/deliverystatus.md
  - docs/models/components/devicetype.md
  - docs/models/components/events.md
  - docs/models/components/feedbackrequest.md
  - docs/models/components/feedbackrequeststatus.md
  - docs/models/components/feedbackresponse.md
  - docs/models/components/linetype.md
  - docs/models/components/lookupresponse.md
  - docs/models/components/retryauthenticationrequest.md
  - docs/models/components/retryauthenticationresponse.md
  - docs/models/components/retryauthenticationresponsestatus.md
  - docs/models/components/security.md
  - docs/models/components/signals.md
  - docs/models/components/status.md
  - docs/models/components/type.md
  - docs/models/errors/code.md
  - docs/models/errors/errorresponse.md
  - docs/models/operations/checkresponse.md
  - docs/models/operations/createauthenticationresponse.md
  - docs/models/operations/feedbackresponse.md
  - docs/models/operations/getauthenticationstatusrequest.md
  - docs/models/operations/getauthenticationstatusresponse.md
  - docs/models/operations/lookuprequest.md
  - docs/models/operations/lookupresponse.md
  - docs/models/operations/retryresponse.md
  - docs/models/operations/type.md
  - docs/sdks/ding/README.md
  - docs/sdks/lookup/README.md
  - docs/sdks/otp/README.md
  - py.typed
  - pylintrc
  - scripts/publish.sh
  - setup.py
  - src/ding/__init__.py
  - src/ding/_hooks/__init__.py
  - src/ding/_hooks/sdkhooks.py
  - src/ding/_hooks/types.py
  - src/ding/lookup.py
  - src/ding/models/__init__.py
  - src/ding/models/components/__init__.py
  - src/ding/models/components/authenticationstatusresponse.py
  - src/ding/models/components/checkstatus.py
  - src/ding/models/components/createauthenticationrequest.py
  - src/ding/models/components/createauthenticationresponse.py
  - src/ding/models/components/createcheckrequest.py
  - src/ding/models/components/createcheckresponse.py
  - src/ding/models/components/feedbackrequest.py
  - src/ding/models/components/feedbackresponse.py
  - src/ding/models/components/lookupresponse.py
  - src/ding/models/components/retryauthenticationrequest.py
  - src/ding/models/components/retryauthenticationresponse.py
  - src/ding/models/components/security.py
  - src/ding/models/errors/__init__.py
  - src/ding/models/errors/errorresponse.py
  - src/ding/models/errors/sdkerror.py
  - src/ding/models/operations/__init__.py
  - src/ding/models/operations/check.py
  - src/ding/models/operations/create_authentication.py
  - src/ding/models/operations/feedback.py
  - src/ding/models/operations/getauthenticationstatus.py
  - src/ding/models/operations/lookup.py
  - src/ding/models/operations/retry.py
  - src/ding/otp.py
  - src/ding/sdk.py
  - src/ding/sdkconfiguration.py
  - src/ding/utils/__init__.py
  - src/ding/utils/retries.py
  - src/ding/utils/utils.py
examples:
  create-authentication:
    speakeasy-default-create-authentication:
      requestBody:
        application/json: {"customer_uuid": "cf2edc1c-7fc6-48fb-86da-b7508c6b7b71", "phone_number": "+1234567890", "locale": "fr-FR"}
      responses:
        "200":
          application/json: {}
        "400":
          application/json: {"code": "invalid_phone_number", "message": "+0 is not a valid phone number", "doc_url": "https://docs.prelude.so/api-reference/errors#invalid_phone_number"}
  check:
    speakeasy-default-check:
      requestBody:
        application/json: {"customer_uuid": "eebe792b-2fcc-44a0-87f1-650e79259e02", "authentication_uuid": "64f66a7c-4b2c-4131-a8ff-d5b954cca05f", "check_code": "123456"}
      responses:
        "200":
          application/json: {"status": "valid"}
        "400":
          application/json: {"code": "invalid_phone_number", "message": "+0 is not a valid phone number", "doc_url": "https://docs.prelude.so/api-reference/errors#invalid_phone_number"}
  feedback:
    speakeasy-default-feedback:
      requestBody:
        application/json: {"customer_uuid": "cc0f6c04-40de-448f-8301-3cb0e6565dff", "phone_number": "+1234567890", "status": "onboarded"}
      responses:
        "200":
          application/json: {"uuid": "123e4567-e89b-12d3-a456-4266141740a0"}
        "400":
          application/json: {"code": "invalid_phone_number", "message": "+0 is not a valid phone number", "doc_url": "https://docs.prelude.so/api-reference/errors#invalid_phone_number"}
  getAuthenticationStatus:
    speakeasy-default-get-authentication-status:
      parameters:
        path:
          auth_uuid: "d8446450-f2fa-4dd9-806b-df5b8c661f23"
      responses:
        "200":
          application/json: {"phone_number": "+1234567890", "events": [{"content": "Your code is 123456"}]}
        "400":
          application/json: {"code": "invalid_phone_number", "message": "+0 is not a valid phone number", "doc_url": "https://docs.prelude.so/api-reference/errors#invalid_phone_number"}
  retry:
    speakeasy-default-retry:
      responses:
        "200":
          application/json: {"status": "approved", "remaining_retry": 3}
        "400":
          application/json: {"code": "invalid_phone_number", "message": "+0 is not a valid phone number", "doc_url": "https://docs.prelude.so/api-reference/errors#invalid_phone_number"}
  lookup:
    speakeasy-default-lookup:
      parameters:
        path:
          phone_number: "<value>"
        query: {}
        header:
          customer-uuid: "69a197d9-356c-45d1-a807-41874e16b555"
      responses:
        "200":
          application/json: {"phone_number": "+1234567890", "mcc": "310", "mnc": "410", "carrier": "AT&T", "country_code": "US", "line_type": "Mobile"}
        "400":
          application/json: {"code": "invalid_phone_number", "message": "+0 is not a valid phone number", "doc_url": "https://docs.prelude.so/api-reference/errors#invalid_phone_number"}
examplesVersion: 1.0.0
generatedTests: {}
