speakeasyVersion: 1.451.1
sources:
    my-source:
        sourceNamespace: my-source
        sourceRevisionDigest: sha256:e578f8c6f2202236ae90501c96f321dc0896b46c39a6945edbf22277afe7f370
        sourceBlobDigest: sha256:4d3dd890b21d2c069d944869e00ea2505c58a172c1b06fa3cb7b59c56c21a500
        tags:
            - latest
            - speakeasy-sdk-regen-1733271235
            - 1.0.0
targets:
    ding-api-client:
        source: my-source
        sourceNamespace: my-source
        sourceRevisionDigest: sha256:e578f8c6f2202236ae90501c96f321dc0896b46c39a6945edbf22277afe7f370
        sourceBlobDigest: sha256:4d3dd890b21d2c069d944869e00ea2505c58a172c1b06fa3cb7b59c56c21a500
        codeSamplesNamespace: my-source-python-code-samples
        codeSamplesRevisionDigest: sha256:599767984592592cda7dae5860bd3e72d90d895b6ff7209a2e226e6d4a575c06
workflow:
    workflowVersion: 1.0.0
    speakeasyVersion: latest
    sources:
        my-source:
            inputs:
                - location: https://raw.githubusercontent.com/ding-live/openapi/main/ding.yaml
            registry:
                location: registry.speakeasyapi.dev/ding/ding/my-source
    targets:
        ding-api-client:
            target: python
            source: my-source
            publish:
                pypi:
                    token: $PYPI_TOKEN
            codeSamples:
                registry:
                    location: registry.speakeasyapi.dev/ding/ding/my-source-python-code-samples
                blocking: false
