speakeasyVersion: 1.455.3
sources:
    my-source:
        sourceNamespace: my-source
        sourceRevisionDigest: sha256:3306a6e0755d56cc56161e83c72d1a58fc3872d40fd91135c713984564a9ee24
        sourceBlobDigest: sha256:1bc8346f862d17395d3ec227c51c74504f59eabaf83eb40c2932c517c8a40bf8
        tags:
            - latest
            - speakeasy-sdk-regen-1734135215
            - 1.0.0
targets:
    ding-api-client:
        source: my-source
        sourceNamespace: my-source
        sourceRevisionDigest: sha256:3306a6e0755d56cc56161e83c72d1a58fc3872d40fd91135c713984564a9ee24
        sourceBlobDigest: sha256:1bc8346f862d17395d3ec227c51c74504f59eabaf83eb40c2932c517c8a40bf8
        codeSamplesNamespace: my-source-python-code-samples
        codeSamplesRevisionDigest: sha256:59cc170dd02e6712e4b538699a4a27fe53578a4b21428ca87aa5c2a52510c0f7
workflow:
    workflowVersion: 1.0.0
    speakeasyVersion: latest
    sources:
        my-source:
            inputs:
                - location: https://raw.githubusercontent.com/ding-live/openapi/main/ding.yaml
            registry:
                location: registry.speakeasyapi.dev/ding/ding/my-source
    targets:
        ding-api-client:
            target: python
            source: my-source
            publish:
                pypi:
                    token: $PYPI_TOKEN
            codeSamples:
                registry:
                    location: registry.speakeasyapi.dev/ding/ding/my-source-python-code-samples
                blocking: false
