speakeasyVersion: 1.460.2
sources:
    my-source:
        sourceNamespace: my-source
        sourceRevisionDigest: sha256:35634600bb0fb49cd9b0f15e5f723fec61877cab3945a583fd9aee6e1cb7311d
        sourceBlobDigest: sha256:1bc8346f862d17395d3ec227c51c74504f59eabaf83eb40c2932c517c8a40bf8
        tags:
            - latest
            - speakeasy-sdk-regen-1734999183
            - 1.0.0
targets:
    ding-api-client:
        source: my-source
        sourceNamespace: my-source
        sourceRevisionDigest: sha256:35634600bb0fb49cd9b0f15e5f723fec61877cab3945a583fd9aee6e1cb7311d
        sourceBlobDigest: sha256:1bc8346f862d17395d3ec227c51c74504f59eabaf83eb40c2932c517c8a40bf8
        codeSamplesNamespace: my-source-python-code-samples
        codeSamplesRevisionDigest: sha256:e112ae1117e2e6494b6f10bd69c1eba5f86c530d8720fe1c6a5b5b405d573b9e
workflow:
    workflowVersion: 1.0.0
    speakeasyVersion: latest
    sources:
        my-source:
            inputs:
                - location: https://raw.githubusercontent.com/ding-live/openapi/main/ding.yaml
            registry:
                location: registry.speakeasyapi.dev/ding/ding/my-source
    targets:
        ding-api-client:
            target: python
            source: my-source
            publish:
                pypi:
                    token: $PYPI_TOKEN
            codeSamples:
                registry:
                    location: registry.speakeasyapi.dev/ding/ding/my-source-python-code-samples
                blocking: false
